Microsoft Visual Studio Solution File, Format Version 11.00
# Visual Studio 2008

Project("{D446BE24-A815-78F5-020F-005FFFE8B207}") = "Cracker Barrel", "Assembly-CSharp.csproj", "{1E4C938E-95DD-A76C-042D-77A89235399C}"
EndProject
Global
	GlobalSection(SolutionConfigurationPlatforms) = preSolution
		Debug|Any CPU = Debug|Any CPU
		Release|Any CPU = Release|Any CPU
	EndGlobalSection
	GlobalSection(ProjectConfigurationPlatforms) = postSolution
		{1E4C938E-95DD-A76C-042D-77A89235399C}.Debug|Any CPU.ActiveCfg = Debug|Any CPU
		{1E4C938E-95DD-A76C-042D-77A89235399C}.Debug|Any CPU.Build.0 = Debug|Any CPU
		{1E4C938E-95DD-A76C-042D-77A89235399C}.Release|Any CPU.ActiveCfg = Release|Any CPU
		{1E4C938E-95DD-A76C-042D-77A89235399C}.Release|Any CPU.Build.0 = Release|Any CPU
	EndGlobalSection
	GlobalSection(SolutionProperties) = preSolution
		HideSolutionNode = FALSE
	EndGlobalSection
	GlobalSection(MonoDevelopProperties) = preSolution
		StartupItem = Assembly-CSharp.csproj
	EndGlobalSection
EndGlobal
